{
  "name": "pokedex",
  "version": "0.1.0",
  "lockfileVersion": 3,
  "requires": true,
  "packages": {
    "": {
      "name": "pokedex",
      "version": "0.1.0",
      "devDependencies": {
        "@tauri-apps/cli": "^2"
      }
    },
    "node_modules/@tauri-apps/cli": {
      "version": "2.2.4",
      "resolved": "https://registry.npmjs.org/@tauri-apps/cli/-/cli-2.2.4.tgz",
      "integrity": "sha512-pihbuHEWJa9SEcN7JdEbMa0oq28MTTbk0nNNnRG8/irNQTKcjwM+KzxG2wuYZYbsXQVqwSu7PstdIEAnXqYHkw==",
      "dev": true,
      "license": "Apache-2.0 OR MIT",
      "bin": {
        "tauri": "tauri.js"
      },
      "engines": {
        "node": ">= 10"
      },
      "funding": {
        "type": "opencollective",
        "url": "https://opencollective.com/tauri"
      },
      "optionalDependencies": {
        "@tauri-apps/cli-darwin-arm64": "2.2.4",
        "@tauri-apps/cli-darwin-x64": "2.2.4",
        "@tauri-apps/cli-linux-arm-gnueabihf": "2.2.4",
        "@tauri-apps/cli-linux-arm64-gnu": "2.2.4",
        "@tauri-apps/cli-linux-arm64-musl": "2.2.4",
        "@tauri-apps/cli-linux-x64-gnu": "2.2.4",
        "@tauri-apps/cli-linux-x64-musl": "2.2.4",
        "@tauri-apps/cli-win32-arm64-msvc": "2.2.4",
        "@tauri-apps/cli-win32-ia32-msvc": "2.2.4",
        "@tauri-apps/cli-win32-x64-msvc": "2.2.4"
      }
    },
    "node_modules/@tauri-apps/cli-darwin-arm64": {
      "version": "2.2.4",
      "resolved": "https://registry.npmjs.org/@tauri-apps/cli-darwin-arm64/-/cli-darwin-arm64-2.2.4.tgz",
      "integrity": "sha512-+sMLkQBFebn/UENyaXpyQqRkdFQie8RdEvYVz0AGthm2p0lMVlWiBmc4ImBJmfo8569zVeDX8B+5OWt4/AuZzA==",
      "cpu": [
        "arm64"
      ],
      "dev": true,
      "license": "Apache-2.0 OR MIT",
      "optional": true,
      "os": [
        "darwin"
      ],
      "engines": {
        "node": ">= 10"
      }
    },
    "node_modules/@tauri-apps/cli-darwin-x64": {
      "version": "2.2.4",
      "resolved": "https://registry.npmjs.org/@tauri-apps/cli-darwin-x64/-/cli-darwin-x64-2.2.4.tgz",
      "integrity": "sha512-6fJvXVtQJh7H8q9sll2XC2wO5bpn7bzeh+MQxpcLq6F8SE02sFuNDLN+AqX0DQnuYV0V6jdzM2+bTYOlc1FBsw==",
      "cpu": [
        "x64"
      ],
      "dev": true,
      "license": "Apache-2.0 OR MIT",
      "optional": true,
      "os": [
        "darwin"
      ],
      "engines": {
        "node": ">= 10"
      }
    },
    "node_modules/@tauri-apps/cli-linux-arm-gnueabihf": {
      "version": "2.2.4",
      "resolved": "https://registry.npmjs.org/@tauri-apps/cli-linux-arm-gnueabihf/-/cli-linux-arm-gnueabihf-2.2.4.tgz",
      "integrity": "sha512-QU6Ac6tx79iqkxsDUQesCBNq8RrVSkP9HhVzS2reKthK3xbdTCwNUXoRlfhudKMVrIxV4K7uTwUV99eAnwbm5Q==",
      "cpu": [
        "arm"
      ],
      "dev": true,
      "license": "Apache-2.0 OR MIT",
      "optional": true,
      "os": [
        "linux"
      ],
      "engines": {
        "node": ">= 10"
      }
    },
    "node_modules/@tauri-apps/cli-linux-arm64-gnu": {
      "version": "2.2.4",
      "resolved": "https://registry.npmjs.org/@tauri-apps/cli-linux-arm64-gnu/-/cli-linux-arm64-gnu-2.2.4.tgz",
      "integrity": "sha512-uZhp312s6VgJJDgUg+HuHZnhjGg93OT+q/aZMoccdZVQ6dvwH8kJzIkKt9zL1U126AXXoesb1EyYmsAruxaUKA==",
      "cpu": [
        "arm64"
      ],
      "dev": true,
      "license": "Apache-2.0 OR MIT",
      "optional": true,
      "os": [
        "linux"
      ],
      "engines": {
        "node": ">= 10"
      }
    },
    "node_modules/@tauri-apps/cli-linux-arm64-musl": {
      "version": "2.2.4",
      "resolved": "https://registry.npmjs.org/@tauri-apps/cli-linux-arm64-musl/-/cli-linux-arm64-musl-2.2.4.tgz",
      "integrity": "sha512-k6JCXd9E+XU0J48nVcFr3QO//bzKg/gp8ZKagBfI2wBpHOk14CnHNBQKNs11nMQUwko4bnPeqj4llcdkbmwIbw==",
      "cpu": [
        "arm64"
      ],
      "dev": true,
      "license": "Apache-2.0 OR MIT",
      "optional": true,
      "os": [
        "linux"
      ],
      "engines": {
        "node": ">= 10"
      }
    },
    "node_modules/@tauri-apps/cli-linux-x64-gnu": {
      "version": "2.2.4",
      "resolved": "https://registry.npmjs.org/@tauri-apps/cli-linux-x64-gnu/-/cli-linux-x64-gnu-2.2.4.tgz",
      "integrity": "sha512-bUBPU46OF1pNfM6SsGbUlkCBh/pTzvFlEdUpDISsS40v9NVt+kqCy3tHzLGB412E3lSlA6FnshB6HxkdRRdTtg==",
      "cpu": [
        "x64"
      ],
      "dev": true,
      "license": "Apache-2.0 OR MIT",
      "optional": true,
      "os": [
        "linux"
      ],
      "engines": {
        "node": ">= 10"
      }
    },
    "node_modules/@tauri-apps/cli-linux-x64-musl": {
      "version": "2.2.4",
      "resolved": "https://registry.npmjs.org/@tauri-apps/cli-linux-x64-musl/-/cli-linux-x64-musl-2.2.4.tgz",
      "integrity": "sha512-vOrpsQDiMtP8q/ZeXfXqgNi3G4Yv5LVX2vI5XkB2yvVuVF1Dvky/hcCJfi9tZQD+IpeiYxjuj7+SxHp82eQ/kA==",
      "cpu": [
        "x64"
      ],
      "dev": true,
      "license": "Apache-2.0 OR MIT",
      "optional": true,
      "os": [
        "linux"
      ],
      "engines": {
        "node": ">= 10"
      }
    },
    "node_modules/@tauri-apps/cli-win32-arm64-msvc": {
      "version": "2.2.4",
      "resolved": "https://registry.npmjs.org/@tauri-apps/cli-win32-arm64-msvc/-/cli-win32-arm64-msvc-2.2.4.tgz",
      "integrity": "sha512-iEP/Cq0ts4Ln4Zh2NSC01lkYEAhr+LotbG4U2z+gxHfCdMrtYYtYdG05C2mpeIxShzL7uEIQb/lhVRBMd7robg==",
      "cpu": [
        "arm64"
      ],
      "dev": true,
      "license": "Apache-2.0 OR MIT",
      "optional": true,
      "os": [
        "win32"
      ],
      "engines": {
        "node": ">= 10"
      }
    },
    "node_modules/@tauri-apps/cli-win32-ia32-msvc": {
      "version": "2.2.4",
      "resolved": "https://registry.npmjs.org/@tauri-apps/cli-win32-ia32-msvc/-/cli-win32-ia32-msvc-2.2.4.tgz",
      "integrity": "sha512-YBbqF0wyHUT00zAGZTTbEbz/C5JDGPnT1Nodor96+tzEU6qAPRYfe5eFe/rpRARbalkpw1UkcVP0Ay8gnksAiA==",
      "cpu": [
        "ia32"
      ],
      "dev": true,
      "license": "Apache-2.0 OR MIT",
      "optional": true,
      "os": [
        "win32"
      ],
      "engines": {
        "node": ">= 10"
      }
    },
    "node_modules/@tauri-apps/cli-win32-x64-msvc": {
      "version": "2.2.4",
      "resolved": "https://registry.npmjs.org/@tauri-apps/cli-win32-x64-msvc/-/cli-win32-x64-msvc-2.2.4.tgz",
      "integrity": "sha512-MMago/SfWZbUFrwFmPCXmmbb42h7u8Y5jvLvnK2mOpOfCAsei2tLO4hx+Inoai0l2DByuYO4Ef1xDyP6shCsZQ==",
      "cpu": [
        "x64"
      ],
      "dev": true,
      "license": "Apache-2.0 OR MIT",
      "optional": true,
      "os": [
        "win32"
      ],
      "engines": {
        "node": ">= 10"
      }
    }
  }
}
